
Microsoft Visual Studio Solution File, Format Version 12.00
# Visual Studio 15
VisualStudioVersion = 15.0.27703.2042
MinimumVisualStudioVersion = 10.0.40219.1
Project("{FAE04EC0-301F-11D3-BF4B-00C04F79EFBC}") = "SenderFront", "SenderFront\SenderFront.csproj", "{7A9F6C3D-8236-49D8-95C1-235BF62DC25E}"
EndProject
Project("{FAE04EC0-301F-11D3-BF4B-00C04F79EFBC}") = "ReceiverFront", "ReceiverFront\ReceiverFront.csproj", "{73839B9C-FD88-4A1D-9F56-221CDEBEC4F1}"
EndProject
Global
	GlobalSection(SolutionConfigurationPlatforms) = preSolution
		Debug|Any CPU = Debug|Any CPU
		Release|Any CPU = Release|Any CPU
	EndGlobalSection
	GlobalSection(ProjectConfigurationPlatforms) = postSolution
		{7A9F6C3D-8236-49D8-95C1-235BF62DC25E}.Debug|Any CPU.ActiveCfg = Debug|Any CPU
		{7A9F6C3D-8236-49D8-95C1-235BF62DC25E}.Debug|Any CPU.Build.0 = Debug|Any CPU
		{7A9F6C3D-8236-49D8-95C1-235BF62DC25E}.Release|Any CPU.ActiveCfg = Release|Any CPU
		{7A9F6C3D-8236-49D8-95C1-235BF62DC25E}.Release|Any CPU.Build.0 = Release|Any CPU
		{73839B9C-FD88-4A1D-9F56-221CDEBEC4F1}.Debug|Any CPU.ActiveCfg = Debug|Any CPU
		{73839B9C-FD88-4A1D-9F56-221CDEBEC4F1}.Debug|Any CPU.Build.0 = Debug|Any CPU
		{73839B9C-FD88-4A1D-9F56-221CDEBEC4F1}.Release|Any CPU.ActiveCfg = Release|Any CPU
		{73839B9C-FD88-4A1D-9F56-221CDEBEC4F1}.Release|Any CPU.Build.0 = Release|Any CPU
	EndGlobalSection
	GlobalSection(SolutionProperties) = preSolution
		HideSolutionNode = FALSE
	EndGlobalSection
	GlobalSection(ExtensibilityGlobals) = postSolution
		SolutionGuid = {C1CEB3ED-EB32-40F4-9CCC-915E543A80E0}
	EndGlobalSection
EndGlobal
